
Microsoft Visual Studio Solution File, Format Version 12.00
# Visual Studio Version 16
VisualStudioVersion = 16.0.29806.167
MinimumVisualStudioVersion = 10.0.40219.1
Project("{FAE04EC0-301F-11D3-BF4B-00C04F79EFBC}") = "CK3DefinitionsTool", "CK3DefinitionsTool\CK3DefinitionsTool.csproj", "{F3FFBBCE-C3E0-4175-BE81-85B26EA1A9AE}"
EndProject
Global
	GlobalSection(SolutionConfigurationPlatforms) = preSolution
		Debug|Any CPU = Debug|Any CPU
		Release|Any CPU = Release|Any CPU
	EndGlobalSection
	GlobalSection(ProjectConfigurationPlatforms) = postSolution
		{F3FFBBCE-C3E0-4175-BE81-85B26EA1A9AE}.Debug|Any CPU.ActiveCfg = Debug|Any CPU
		{F3FFBBCE-C3E0-4175-BE81-85B26EA1A9AE}.Debug|Any CPU.Build.0 = Debug|Any CPU
		{F3FFBBCE-C3E0-4175-BE81-85B26EA1A9AE}.Release|Any CPU.ActiveCfg = Release|Any CPU
		{F3FFBBCE-C3E0-4175-BE81-85B26EA1A9AE}.Release|Any CPU.Build.0 = Release|Any CPU
	EndGlobalSection
	GlobalSection(SolutionProperties) = preSolution
		HideSolutionNode = FALSE
	EndGlobalSection
	GlobalSection(ExtensibilityGlobals) = postSolution
		SolutionGuid = {EE293559-E49E-42D6-AA9C-2B256D6E92EE}
	EndGlobalSection
EndGlobal
